
Microsoft Visual Studio Solution File, Format Version 12.00
# Visual Studio 2013
VisualStudioVersion = 12.0.31101.0
MinimumVisualStudioVersion = 10.0.40219.1
Project("{FAE04EC0-301F-11D3-BF4B-00C04F79EFBC}") = "StockModelsConsole", "StockLearning\StockModelsConsole.csproj", "{DB6319E8-9C68-454B-854A-B5EDBA925BA6}"
EndProject
Project("{F2A71F9B-5D33-465A-A702-920D77279786}") = "StockLearning.FSharp", "StockLearning.FSharp\StockLearning.FSharp.fsproj", "{A8B31E4A-AFE0-46EA-A346-5184EFCF67F7}"
EndProject
Global
	GlobalSection(SolutionConfigurationPlatforms) = preSolution
		Debug|Any CPU = Debug|Any CPU
		Release|Any CPU = Release|Any CPU
	EndGlobalSection
	GlobalSection(ProjectConfigurationPlatforms) = postSolution
		{DB6319E8-9C68-454B-854A-B5EDBA925BA6}.Debug|Any CPU.ActiveCfg = Debug|Any CPU
		{DB6319E8-9C68-454B-854A-B5EDBA925BA6}.Debug|Any CPU.Build.0 = Debug|Any CPU
		{DB6319E8-9C68-454B-854A-B5EDBA925BA6}.Release|Any CPU.ActiveCfg = Release|Any CPU
		{DB6319E8-9C68-454B-854A-B5EDBA925BA6}.Release|Any CPU.Build.0 = Release|Any CPU
		{A8B31E4A-AFE0-46EA-A346-5184EFCF67F7}.Debug|Any CPU.ActiveCfg = Debug|Any CPU
		{A8B31E4A-AFE0-46EA-A346-5184EFCF67F7}.Debug|Any CPU.Build.0 = Debug|Any CPU
		{A8B31E4A-AFE0-46EA-A346-5184EFCF67F7}.Release|Any CPU.ActiveCfg = Release|Any CPU
		{A8B31E4A-AFE0-46EA-A346-5184EFCF67F7}.Release|Any CPU.Build.0 = Release|Any CPU
	EndGlobalSection
	GlobalSection(SolutionProperties) = preSolution
		HideSolutionNode = FALSE
	EndGlobalSection
EndGlobal
